
Microsoft Visual Studio Solution File, Format Version 12.00
# Visual Studio Version 17
VisualStudioVersion = 17.13.35931.197 d17.13
MinimumVisualStudioVersion = 10.0.40219.1
Project("{FAE04EC0-301F-11D3-BF4B-00C04F79EFBC}") = "mf-apis-web-services-fuel-manager", "mf-apis-web-services-fuel-manager\mf-apis-web-services-fuel-manager.csproj", "{19AB88EC-7AE6-49B7-B8B2-9D6FEBA1251F}"
EndProject
Global
	GlobalSection(SolutionConfigurationPlatforms) = preSolution
		Debug|Any CPU = Debug|Any CPU
		Release|Any CPU = Release|Any CPU
	EndGlobalSection
	GlobalSection(ProjectConfigurationPlatforms) = postSolution
		{19AB88EC-7AE6-49B7-B8B2-9D6FEBA1251F}.Debug|Any CPU.ActiveCfg = Debug|Any CPU
		{19AB88EC-7AE6-49B7-B8B2-9D6FEBA1251F}.Debug|Any CPU.Build.0 = Debug|Any CPU
		{19AB88EC-7AE6-49B7-B8B2-9D6FEBA1251F}.Release|Any CPU.ActiveCfg = Release|Any CPU
		{19AB88EC-7AE6-49B7-B8B2-9D6FEBA1251F}.Release|Any CPU.Build.0 = Release|Any CPU
	EndGlobalSection
	GlobalSection(SolutionProperties) = preSolution
		HideSolutionNode = FALSE
	EndGlobalSection
	GlobalSection(ExtensibilityGlobals) = postSolution
		SolutionGuid = {5E1B232F-2283-4A27-8B1E-6EABE6477A7C}
	EndGlobalSection
EndGlobal
